
Microsoft Visual Studio Solution File, Format Version 12.00
# Visual Studio Version 17
VisualStudioVersion = 17.0.31903.59
MinimumVisualStudioVersion = 10.0.40219.1
Project("{2150E333-8FDC-42A3-9474-1A3956D46DE8}") = "src", "src", "{827E0CD3-B72D-47B6-A68D-7590B98EB39B}"
EndProject
Project("{FAE04EC0-301F-11D3-BF4B-00C04F79EFBC}") = "NetMetter", "src\NetMetter.csproj", "{0BC52CEA-E00C-4B0A-9147-137E87E8EE37}"
EndProject
Project("{2150E333-8FDC-42A3-9474-1A3956D46DE8}") = "tools", "tools", "{07C2787E-EAC7-C090-1BA3-A61EC2A24D84}"
EndProject
Project("{FAE04EC0-301F-11D3-BF4B-00C04F79EFBC}") = "AssetGen", "tools\AssetGen\AssetGen.csproj", "{D46E03EC-741C-4C67-9FAB-9F2FE91F9CC4}"
EndProject
Project("{2150E333-8FDC-42A3-9474-1A3956D46DE8}") = "tests", "tests", "{0AB3BF05-4346-4AA6-1389-037BE0695223}"
EndProject
Project("{FAE04EC0-301F-11D3-BF4B-00C04F79EFBC}") = "NetMetter.Tests", "tests\NetMetter.Tests\NetMetter.Tests.csproj", "{DF23321D-BE47-4009-8296-084BC62B2C1D}"
EndProject
Global
	GlobalSection(SolutionConfigurationPlatforms) = preSolution
		Debug|Any CPU = Debug|Any CPU
		Debug|x64 = Debug|x64
		Debug|x86 = Debug|x86
		Release|Any CPU = Release|Any CPU
		Release|x64 = Release|x64
		Release|x86 = Release|x86
	EndGlobalSection
	GlobalSection(ProjectConfigurationPlatforms) = postSolution
		{0BC52CEA-E00C-4B0A-9147-137E87E8EE37}.Debug|Any CPU.ActiveCfg = Debug|Any CPU
		{0BC52CEA-E00C-4B0A-9147-137E87E8EE37}.Debug|Any CPU.Build.0 = Debug|Any CPU
		{0BC52CEA-E00C-4B0A-9147-137E87E8EE37}.Debug|x64.ActiveCfg = Debug|Any CPU
		{0BC52CEA-E00C-4B0A-9147-137E87E8EE37}.Debug|x64.Build.0 = Debug|Any CPU
		{0BC52CEA-E00C-4B0A-9147-137E87E8EE37}.Debug|x86.ActiveCfg = Debug|Any CPU
		{0BC52CEA-E00C-4B0A-9147-137E87E8EE37}.Debug|x86.Build.0 = Debug|Any CPU
		{0BC52CEA-E00C-4B0A-9147-137E87E8EE37}.Release|Any CPU.ActiveCfg = Release|Any CPU
		{0BC52CEA-E00C-4B0A-9147-137E87E8EE37}.Release|Any CPU.Build.0 = Release|Any CPU
		{0BC52CEA-E00C-4B0A-9147-137E87E8EE37}.Release|x64.ActiveCfg = Release|Any CPU
		{0BC52CEA-E00C-4B0A-9147-137E87E8EE37}.Release|x64.Build.0 = Release|Any CPU
		{0BC52CEA-E00C-4B0A-9147-137E87E8EE37}.Release|x86.ActiveCfg = Release|Any CPU
		{0BC52CEA-E00C-4B0A-9147-137E87E8EE37}.Release|x86.Build.0 = Release|Any CPU
		{D46E03EC-741C-4C67-9FAB-9F2FE91F9CC4}.Debug|Any CPU.ActiveCfg = Debug|Any CPU
		{D46E03EC-741C-4C67-9FAB-9F2FE91F9CC4}.Debug|Any CPU.Build.0 = Debug|Any CPU
		{D46E03EC-741C-4C67-9FAB-9F2FE91F9CC4}.Debug|x64.ActiveCfg = Debug|Any CPU
		{D46E03EC-741C-4C67-9FAB-9F2FE91F9CC4}.Debug|x64.Build.0 = Debug|Any CPU
		{D46E03EC-741C-4C67-9FAB-9F2FE91F9CC4}.Debug|x86.ActiveCfg = Debug|Any CPU
		{D46E03EC-741C-4C67-9FAB-9F2FE91F9CC4}.Debug|x86.Build.0 = Debug|Any CPU
		{D46E03EC-741C-4C67-9FAB-9F2FE91F9CC4}.Release|Any CPU.ActiveCfg = Release|Any CPU
		{D46E03EC-741C-4C67-9FAB-9F2FE91F9CC4}.Release|Any CPU.Build.0 = Release|Any CPU
		{D46E03EC-741C-4C67-9FAB-9F2FE91F9CC4}.Release|x64.ActiveCfg = Release|Any CPU
		{D46E03EC-741C-4C67-9FAB-9F2FE91F9CC4}.Release|x64.Build.0 = Release|Any CPU
		{D46E03EC-741C-4C67-9FAB-9F2FE91F9CC4}.Release|x86.ActiveCfg = Release|Any CPU
		{D46E03EC-741C-4C67-9FAB-9F2FE91F9CC4}.Release|x86.Build.0 = Release|Any CPU
		{DF23321D-BE47-4009-8296-084BC62B2C1D}.Debug|Any CPU.ActiveCfg = Debug|Any CPU
		{DF23321D-BE47-4009-8296-084BC62B2C1D}.Debug|Any CPU.Build.0 = Debug|Any CPU
		{DF23321D-BE47-4009-8296-084BC62B2C1D}.Debug|x64.ActiveCfg = Debug|Any CPU
		{DF23321D-BE47-4009-8296-084BC62B2C1D}.Debug|x64.Build.0 = Debug|Any CPU
		{DF23321D-BE47-4009-8296-084BC62B2C1D}.Debug|x86.ActiveCfg = Debug|Any CPU
		{DF23321D-BE47-4009-8296-084BC62B2C1D}.Debug|x86.Build.0 = Debug|Any CPU
		{DF23321D-BE47-4009-8296-084BC62B2C1D}.Release|Any CPU.ActiveCfg = Release|Any CPU
		{DF23321D-BE47-4009-8296-084BC62B2C1D}.Release|Any CPU.Build.0 = Release|Any CPU
		{DF23321D-BE47-4009-8296-084BC62B2C1D}.Release|x64.ActiveCfg = Release|Any CPU
		{DF23321D-BE47-4009-8296-084BC62B2C1D}.Release|x64.Build.0 = Release|Any CPU
		{DF23321D-BE47-4009-8296-084BC62B2C1D}.Release|x86.ActiveCfg = Release|Any CPU
		{DF23321D-BE47-4009-8296-084BC62B2C1D}.Release|x86.Build.0 = Release|Any CPU
	EndGlobalSection
	GlobalSection(SolutionProperties) = preSolution
		HideSolutionNode = FALSE
	EndGlobalSection
	GlobalSection(NestedProjects) = preSolution
		{0BC52CEA-E00C-4B0A-9147-137E87E8EE37} = {827E0CD3-B72D-47B6-A68D-7590B98EB39B}
		{D46E03EC-741C-4C67-9FAB-9F2FE91F9CC4} = {07C2787E-EAC7-C090-1BA3-A61EC2A24D84}
		{DF23321D-BE47-4009-8296-084BC62B2C1D} = {0AB3BF05-4346-4AA6-1389-037BE0695223}
	EndGlobalSection
EndGlobal
